{
  "version": 4,
  "terraform_version": "1.3.2",
  "serial": 50,
  "lineage": "ed81e204-cd72-2ce7-c523-d9ebe8d078bd",
  "outputs": {},
  "resources": [
    {
      "mode": "data",
      "type": "digitalocean_ssh_key",
      "name": "terraform",
      "provider": "provider[\"registry.terraform.io/digitalocean/digitalocean\"]",
      "instances": [
        {
          "schema_version": 0,
          "attributes": {
            "fingerprint": "f5:fa:40:88:fe:56:ca:36:d8:c6:da:f8:9c:b4:57:0b",
            "id": 36467302,
            "name": "digitalocean-terraform",
            "public_key": "ecdsa-sha2-nistp256 AAAAE2VjZHNhLXNoYTItbmlzdHAyNTYAAAAIbmlzdHAyNTYAAABBBBfsvKOMKE3SNO6XQNeCvedaqjRqmRLMPVlwMBlv/5w2bJ5Kxs01kkJLwJ5l3dJrypHMGuRgh7Dq1EUP2OfFeEg= root@Twins-PC"
          },
          "sensitive_attributes": []
        }
      ]
    },
    {
      "mode": "managed",
      "type": "digitalocean_droplet",
      "name": "web",
      "provider": "provider[\"registry.terraform.io/digitalocean/digitalocean\"]",
      "instances": [
        {
          "status": "tainted",
          "schema_version": 1,
          "attributes": {
            "backups": false,
            "created_at": "2022-10-17T00:04:23Z",
            "disk": 25,
            "droplet_agent": null,
            "graceful_shutdown": false,
            "id": "321345523",
            "image": "ubuntu-18-04-x64",
            "ipv4_address": "165.22.180.247",
            "ipv4_address_private": "10.116.0.2",
            "ipv6": false,
            "ipv6_address": "",
            "locked": false,
            "memory": 1024,
            "monitoring": false,
            "name": "web",
            "price_hourly": 0.00893,
            "price_monthly": 6,
            "private_networking": true,
            "region": "nyc1",
            "resize_disk": true,
            "size": "s-1vcpu-1gb",
            "ssh_keys": [
              "36467302"
            ],
            "status": "active",
            "tags": null,
            "timeouts": null,
            "urn": "do:droplet:321345523",
            "user_data": "b7ab8eb88cffb538fb05b3b82861a8b31faaf7c1",
            "vcpus": 1,
            "volume_ids": [],
            "vpc_uuid": "a9fa1dec-401b-4ac7-9953-c2098b0315cb"
          },
          "sensitive_attributes": [],
          "private": "eyJlMmJmYjczMC1lY2FhLTExZTYtOGY4OC0zNDM2M2JjN2M0YzAiOnsiY3JlYXRlIjozNjAwMDAwMDAwMDAwLCJkZWxldGUiOjYwMDAwMDAwMDAwLCJ1cGRhdGUiOjM2MDAwMDAwMDAwMDB9LCJzY2hlbWFfdmVyc2lvbiI6IjEifQ==",
          "dependencies": [
            "data.digitalocean_ssh_key.terraform"
          ]
        }
      ]
    }
  ],
  "check_results": []
}
